// !$*UTF8*$!
{
	archiveVersion = 1;
	classes = {
	};
	objectVersion = 50;
	objects = {

/* Begin PBXBuildFile section */
		08C4E1632343CEEC0021DD8C /* AppDelegate.swift in Sources */ = {isa = PBXBuildFile; fileRef = 08C4E1622343CEEC0021DD8C /* AppDelegate.swift */; };
		08C4E1652343CEEC0021DD8C /* SceneDelegate.swift in Sources */ = {isa = PBXBuildFile; fileRef = 08C4E1642343CEEC0021DD8C /* SceneDelegate.swift */; };
		08C4E1672343CEEC0021DD8C /* ViewController.swift in Sources */ = {isa = PBXBuildFile; fileRef = 08C4E1662343CEEC0021DD8C /* ViewController.swift */; };
		08C4E16A2343CEEC0021DD8C /* Main.storyboard in Resources */ = {isa = PBXBuildFile; fileRef = 08C4E1682343CEEC0021DD8C /* Main.storyboard */; };
		08C4E16C2343CEEF0021DD8C /* Assets.xcassets in Resources */ = {isa = PBXBuildFile; fileRef = 08C4E16B2343CEEF0021DD8C /* Assets.xcassets */; };
		08C4E16F2343CEEF0021DD8C /* LaunchScreen.storyboard in Resources */ = {isa = PBXBuildFile; fileRef = 08C4E16D2343CEEF0021DD8C /* LaunchScreen.storyboard */; };
		08C4E17A2343CEEF0021DD8C /* ImagePicker_LabTests.swift in Sources */ = {isa = PBXBuildFile; fileRef = 08C4E1792343CEEF0021DD8C /* ImagePicker_LabTests.swift */; };
/* End PBXBuildFile section */

/* Begin PBXContainerItemProxy section */
		08C4E1762343CEEF0021DD8C /* PBXContainerItemProxy */ = {
			isa = PBXContainerItemProxy;
			containerPortal = 08C4E1572343CEEC0021DD8C /* Project object */;
			proxyType = 1;
			remoteGlobalIDString = 08C4E15E2343CEEC0021DD8C;
			remoteInfo = "ImagePicker Lab";
		};
/* End PBXContainerItemProxy section */

/* Begin PBXFileReference section */
		08C4E15F2343CEEC0021DD8C /* ImagePicker Lab.app */ = {isa = PBXFileReference; explicitFileType = wrapper.application; includeInIndex = 0; path = "ImagePicker Lab.app"; sourceTree = BUILT_PRODUCTS_DIR; };
		08C4E1622343CEEC0021DD8C /* AppDelegate.swift */ = {isa = PBXFileReference; lastKnownFileType = sourcecode.swift; path = AppDelegate.swift; sourceTree = "<group>"; };
		08C4E1642343CEEC0021DD8C /* SceneDelegate.swift */ = {isa = PBXFileReference; lastKnownFileType = sourcecode.swift; path = SceneDelegate.swift; sourceTree = "<group>"; };
		08C4E1662343CEEC0021DD8C /* ViewController.swift */ = {isa = PBXFileReference; lastKnownFileType = sourcecode.swift; path = ViewController.swift; sourceTree = "<group>"; };
		08C4E1692343CEEC0021DD8C /* Base */ = {isa = PBXFileReference; lastKnownFileType = file.storyboard; name = Base; path = Base.lproj/Main.storyboard; sourceTree = "<group>"; };
		08C4E16B2343CEEF0021DD8C /* Assets.xcassets */ = {isa = PBXFileReference; lastKnownFileType = folder.assetcatalog; path = Assets.xcassets; sourceTree = "<group>"; };
		08C4E16E2343CEEF0021DD8C /* Base */ = {isa = PBXFileReference; lastKnownFileType = file.storyboard; name = Base; path = Base.lproj/LaunchScreen.storyboard; sourceTree = "<group>"; };
		08C4E1702343CEEF0021DD8C /* Info.plist */ = {isa = PBXFileReference; lastKnownFileType = text.plist.xml; path = Info.plist; sourceTree = "<group>"; };
		08C4E1752343CEEF0021DD8C /* ImagePicker LabTests.xctest */ = {isa = PBXFileReference; explicitFileType = wrapper.cfbundle; includeInIndex = 0; path = "ImagePicker LabTests.xctest"; sourceTree = BUILT_PRODUCTS_DIR; };
		08C4E1792343CEEF0021DD8C /* ImagePicker_LabTests.swift */ = {isa = PBXFileReference; lastKnownFileType = sourcecode.swift; path = ImagePicker_LabTests.swift; sourceTree = "<group>"; };
		08C4E17B2343CEEF0021DD8C /* Info.plist */ = {isa = PBXFileReference; lastKnownFileType = text.plist.xml; path = Info.plist; sourceTree = "<group>"; };
/* End PBXFileReference section */

/* Begin PBXFrameworksBuildPhase section */
		08C4E15C2343CEEC0021DD8C /* Frameworks */ = {
			isa = PBXFrameworksBuildPhase;
			buildActionMask = 2147483647;
			files = (
			);
			runOnlyForDeploymentPostprocessing = 0;
		};
		08C4E1722343CEEF0021DD8C /* Frameworks */ = {
			isa = PBXFrameworksBuildPhase;
			buildActionMask = 2147483647;
			files = (
			);
			runOnlyForDeploymentPostprocessing = 0;
		};
/* End PBXFrameworksBuildPhase section */

/* Begin PBXGroup section */
		08C4E1562343CEEC0021DD8C = {
			isa = PBXGroup;
			children = (
				08C4E1612343CEEC0021DD8C /* ImagePicker Lab */,
				08C4E1782343CEEF0021DD8C /* ImagePicker LabTests */,
				08C4E1602343CEEC0021DD8C /* Products */,
			);
			sourceTree = "<group>";
		};
		08C4E1602343CEEC0021DD8C /* Products */ = {
			isa = PBXGroup;
			children = (
				08C4E15F2343CEEC0021DD8C /* ImagePicker Lab.app */,
				08C4E1752343CEEF0021DD8C /* ImagePicker LabTests.xctest */,
			);
			name = Products;
			sourceTree = "<group>";
		};
		08C4E1612343CEEC0021DD8C /* ImagePicker Lab */ = {
			isa = PBXGroup;
			children = (
				08C4E1662343CEEC0021DD8C /* ViewController.swift */,
				08C4E1682343CEEC0021DD8C /* Main.storyboard */,
				08C4E16B2343CEEF0021DD8C /* Assets.xcassets */,
				08C4E1842343CEFD0021DD8C /* Supporting Files */,
				08C4E1702343CEEF0021DD8C /* Info.plist */,
			);
			path = "ImagePicker Lab";
			sourceTree = "<group>";
		};
		08C4E1782343CEEF0021DD8C /* ImagePicker LabTests */ = {
			isa = PBXGroup;
			children = (
				08C4E1792343CEEF0021DD8C /* ImagePicker_LabTests.swift */,
				08C4E17B2343CEEF0021DD8C /* Info.plist */,
			);
			path = "ImagePicker LabTests";
			sourceTree = "<group>";
		};
		08C4E1842343CEFD0021DD8C /* Supporting Files */ = {
			isa = PBXGroup;
			children = (
				08C4E1622343CEEC0021DD8C /* AppDelegate.swift */,
				08C4E1642343CEEC0021DD8C /* SceneDelegate.swift */,
				08C4E16D2343CEEF0021DD8C /* LaunchScreen.storyboard */,
			);
			path = "Supporting Files";
			sourceTree = "<group>";
		};
/* End PBXGroup section */

/* Begin PBXNativeTarget section */
		08C4E15E2343CEEC0021DD8C /* ImagePicker Lab */ = {
			isa = PBXNativeTarget;
			buildConfigurationList = 08C4E17E2343CEEF0021DD8C /* Build configuration list for PBXNativeTarget "ImagePicker Lab" */;
			buildPhases = (
				08C4E15B2343CEEC0021DD8C /* Sources */,
				08C4E15C2343CEEC0021DD8C /* Frameworks */,
				08C4E15D2343CEEC0021DD8C /* Resources */,
			);
			buildRules = (
			);
			dependencies = (
			);
			name = "ImagePicker Lab";
			productName = "ImagePicker Lab";
			productReference = 08C4E15F2343CEEC0021DD8C /* ImagePicker Lab.app */;
			productType = "com.apple.product-type.application";
		};
		08C4E1742343CEEF0021DD8C /* ImagePicker LabTests */ = {
			isa = PBXNativeTarget;
			buildConfigurationList = 08C4E1812343CEEF0021DD8C /* Build configuration list for PBXNativeTarget "ImagePicker LabTests" */;
			buildPhases = (
				08C4E1712343CEEF0021DD8C /* Sources */,
				08C4E1722343CEEF0021DD8C /* Frameworks */,
				08C4E1732343CEEF0021DD8C /* Resources */,
			);
			buildRules = (
			);
			dependencies = (
				08C4E1772343CEEF0021DD8C /* PBXTargetDependency */,
			);
			name = "ImagePicker LabTests";
			productName = "ImagePicker LabTests";
			productReference = 08C4E1752343CEEF0021DD8C /* ImagePicker LabTests.xctest */;
			productType = "com.apple.product-type.bundle.unit-test";
		};
/* End PBXNativeTarget section */

/* Begin PBXProject section */
		08C4E1572343CEEC0021DD8C /* Project object */ = {
			isa = PBXProject;
			attributes = {
				LastSwiftUpdateCheck = 1100;
				LastUpgradeCheck = 1100;
				ORGANIZATIONNAME = "Jason Ruan";
				TargetAttributes = {
					08C4E15E2343CEEC0021DD8C = {
						CreatedOnToolsVersion = 11.0;
					};
					08C4E1742343CEEF0021DD8C = {
						CreatedOnToolsVersion = 11.0;
						TestTargetID = 08C4E15E2343CEEC0021DD8C;
					};
				};
			};
			buildConfigurationList = 08C4E15A2343CEEC0021DD8C /* Build configuration list for PBXProject "ImagePicker Lab" */;
			compatibilityVersion = "Xcode 9.3";
			developmentRegion = en;
			hasScannedForEncodings = 0;
			knownRegions = (
				en,
				Base,
			);
			mainGroup = 08C4E1562343CEEC0021DD8C;
			productRefGroup = 08C4E1602343CEEC0021DD8C /* Products */;
			projectDirPath = "";
			projectRoot = "";
			targets = (
				08C4E15E2343CEEC0021DD8C /* ImagePicker Lab */,
				08C4E1742343CEEF0021DD8C /* ImagePicker LabTests */,
			);
		};
/* End PBXProject section */

/* Begin PBXResourcesBuildPhase section */
		08C4E15D2343CEEC0021DD8C /* Resources */ = {
			isa = PBXResourcesBuildPhase;
			buildActionMask = 2147483647;
			files = (
				08C4E16F2343CEEF0021DD8C /* LaunchScreen.storyboard in Resources */,
				08C4E16C2343CEEF0021DD8C /* Assets.xcassets in Resources */,
				08C4E16A2343CEEC0021DD8C /* Main.storyboard in Resources */,
			);
			runOnlyForDeploymentPostprocessing = 0;
		};
		08C4E1732343CEEF0021DD8C /* Resources */ = {
			isa = PBXResourcesBuildPhase;
			buildActionMask = 2147483647;
			files = (
			);
			runOnlyForDeploymentPostprocessing = 0;
		};
/* End PBXResourcesBuildPhase section */

/* Begin PBXSourcesBuildPhase section */
		08C4E15B2343CEEC0021DD8C /* Sources */ = {
			isa = PBXSourcesBuildPhase;
			buildActionMask = 2147483647;
			files = (
				08C4E1672343CEEC0021DD8C /* ViewController.swift in Sources */,
				08C4E1632343CEEC0021DD8C /* AppDelegate.swift in Sources */,
				08C4E1652343CEEC0021DD8C /* SceneDelegate.swift in Sources */,
			);
			runOnlyForDeploymentPostprocessing = 0;
		};
		08C4E1712343CEEF0021DD8C /* Sources */ = {
			isa = PBXSourcesBuildPhase;
			buildActionMask = 2147483647;
			files = (
				08C4E17A2343CEEF0021DD8C /* ImagePicker_LabTests.swift in Sources */,
			);
			runOnlyForDeploymentPostprocessing = 0;
		};
/* End PBXSourcesBuildPhase section */

/* Begin PBXTargetDependency section */
		08C4E1772343CEEF0021DD8C /* PBXTargetDependency */ = {
			isa = PBXTargetDependency;
			target = 08C4E15E2343CEEC0021DD8C /* ImagePicker Lab */;
			targetProxy = 08C4E1762343CEEF0021DD8C /* PBXContainerItemProxy */;
		};
/* End PBXTargetDependency section */

/* Begin PBXVariantGroup section */
		08C4E1682343CEEC0021DD8C /* Main.storyboard */ = {
			isa = PBXVariantGroup;
			children = (
				08C4E1692343CEEC0021DD8C /* Base */,
			);
			name = Main.storyboard;
			sourceTree = "<group>";
		};
		08C4E16D2343CEEF0021DD8C /* LaunchScreen.storyboard */ = {
			isa = PBXVariantGroup;
			children = (
				08C4E16E2343CEEF0021DD8C /* Base */,
			);
			name = LaunchScreen.storyboard;
			sourceTree = "<group>";
		};
/* End PBXVariantGroup section */

/* Begin XCBuildConfiguration section */
		08C4E17C2343CEEF0021DD8C /* Debug */ = {
			isa = XCBuildConfiguration;
			buildSettings = {
				ALWAYS_SEARCH_USER_PATHS = NO;
				CLANG_ANALYZER_NONNULL = YES;
				CLANG_ANALYZER_NUMBER_OBJECT_CONVERSION = YES_AGGRESSIVE;
				CLANG_CXX_LANGUAGE_STANDARD = "gnu++14";
				CLANG_CXX_LIBRARY = "libc++";
				CLANG_ENABLE_MODULES = YES;
				CLANG_ENABLE_OBJC_ARC = YES;
				CLANG_ENABLE_OBJC_WEAK = YES;
				CLANG_WARN_BLOCK_CAPTURE_AUTORELEASING = YES;
				CLANG_WARN_BOOL_CONVERSION = YES;
				CLANG_WARN_COMMA = YES;
				CLANG_WARN_CONSTANT_CONVERSION = YES;
				CLANG_WARN_DEPRECATED_OBJC_IMPLEMENTATIONS = YES;
				CLANG_WARN_DIRECT_OBJC_ISA_USAGE = YES_ERROR;
				CLANG_WARN_DOCUMENTATION_COMMENTS = YES;
				CLANG_WARN_EMPTY_BODY = YES;
				CLANG_WARN_ENUM_CONVERSION = YES;
				CLANG_WARN_INFINITE_RECURSION = YES;
				CLANG_WARN_INT_CONVERSION = YES;
				CLANG_WARN_NON_LITERAL_NULL_CONVERSION = YES;
				CLANG_WARN_OBJC_IMPLICIT_RETAIN_SELF = YES;
				CLANG_WARN_OBJC_LITERAL_CONVERSION = YES;
				CLANG_WARN_OBJC_ROOT_CLASS = YES_ERROR;
				CLANG_WARN_RANGE_LOOP_ANALYSIS = YES;
				CLANG_WARN_STRICT_PROTOTYPES = YES;
				CLANG_WARN_SUSPICIOUS_MOVE = YES;
				CLANG_WARN_UNGUARDED_AVAILABILITY = YES_AGGRESSIVE;
				CLANG_WARN_UNREACHABLE_CODE = YES;
				CLANG_WARN__DUPLICATE_METHOD_MATCH = YES;
				COPY_PHASE_STRIP = NO;
				DEBUG_INFORMATION_FORMAT = dwarf;
				ENABLE_STRICT_OBJC_MSGSEND = YES;
				ENABLE_TESTABILITY = YES;
				GCC_C_LANGUAGE_STANDARD = gnu11;
				GCC_DYNAMIC_NO_PIC = NO;
				GCC_NO_COMMON_BLOCKS = YES;
				GCC_OPTIMIZATION_LEVEL = 0;
				GCC_PREPROCESSOR_DEFINITIONS = (
					"DEBUG=1",
					"$(inherited)",
				);
				GCC_WARN_64_TO_32_BIT_CONVERSION = YES;
				GCC_WARN_ABOUT_RETURN_TYPE = YES_ERROR;
				GCC_WARN_UNDECLARED_SELECTOR = YES;
				GCC_WARN_UNINITIALIZED_AUTOS = YES_AGGRESSIVE;
				GCC_WARN_UNUSED_FUNCTION = YES;
				GCC_WARN_UNUSED_VARIABLE = YES;
				IPHONEOS_DEPLOYMENT_TARGET = 13.0;
				MTL_ENABLE_DEBUG_INFO = INCLUDE_SOURCE;
				MTL_FAST_MATH = YES;
				ONLY_ACTIVE_ARCH = YES;
				SDKROOT = iphoneos;
				SWIFT_ACTIVE_COMPILATION_CONDITIONS = DEBUG;
				SWIFT_OPTIMIZATION_LEVEL = "-Onone";
			};
			name = Debug;
		};
		08C4E17D2343CEEF0021DD8C /* Release */ = {
			isa = XCBuildConfiguration;
			buildSettings = {
				ALWAYS_SEARCH_USER_PATHS = NO;
				CLANG_ANALYZER_NONNULL = YES;
				CLANG_ANALYZER_NUMBER_OBJECT_CONVERSION = YES_AGGRESSIVE;
				CLANG_CXX_LANGUAGE_STANDARD = "gnu++14";
				CLANG_CXX_LIBRARY = "libc++";
				CLANG_ENABLE_MODULES = YES;
				CLANG_ENABLE_OBJC_ARC = YES;
				CLANG_ENABLE_OBJC_WEAK = YES;
				CLANG_WARN_BLOCK_CAPTURE_AUTORELEASING = YES;
				CLANG_WARN_BOOL_CONVERSION = YES;
				CLANG_WARN_COMMA = YES;
				CLANG_WARN_CONSTANT_CONVERSION = YES;
				CLANG_WARN_DEPRECATED_OBJC_IMPLEMENTATIONS = YES;
				CLANG_WARN_DIRECT_OBJC_ISA_USAGE = YES_ERROR;
				CLANG_WARN_DOCUMENTATION_COMMENTS = YES;
				CLANG_WARN_EMPTY_BODY = YES;
				CLANG_WARN_ENUM_CONVERSION = YES;
				CLANG_WARN_INFINITE_RECURSION = YES;
				CLANG_WARN_INT_CONVERSION = YES;
				CLANG_WARN_NON_LITERAL_NULL_CONVERSION = YES;
				CLANG_WARN_OBJC_IMPLICIT_RETAIN_SELF = YES;
				CLANG_WARN_OBJC_LITERAL_CONVERSION = YES;
				CLANG_WARN_OBJC_ROOT_CLASS = YES_ERROR;
				CLANG_WARN_RANGE_LOOP_ANALYSIS = YES;
				CLANG_WARN_STRICT_PROTOTYPES = YES;
				CLANG_WARN_SUSPICIOUS_MOVE = YES;
				CLANG_WARN_UNGUARDED_AVAILABILITY = YES_AGGRESSIVE;
				CLANG_WARN_UNREACHABLE_CODE = YES;
				CLANG_WARN__DUPLICATE_METHOD_MATCH = YES;
				COPY_PHASE_STRIP = NO;
				DEBUG_INFORMATION_FORMAT = "dwarf-with-dsym";
				ENABLE_NS_ASSERTIONS = NO;
				ENABLE_STRICT_OBJC_MSGSEND = YES;
				GCC_C_LANGUAGE_STANDARD = gnu11;
				GCC_NO_COMMON_BLOCKS = YES;
				GCC_WARN_64_TO_32_BIT_CONVERSION = YES;
				GCC_WARN_ABOUT_RETURN_TYPE = YES_ERROR;
				GCC_WARN_UNDECLARED_SELECTOR = YES;
				GCC_WARN_UNINITIALIZED_AUTOS = YES_AGGRESSIVE;
				GCC_WARN_UNUSED_FUNCTION = YES;
				GCC_WARN_UNUSED_VARIABLE = YES;
				IPHONEOS_DEPLOYMENT_TARGET = 13.0;
				MTL_ENABLE_DEBUG_INFO = NO;
				MTL_FAST_MATH = YES;
				SDKROOT = iphoneos;
				SWIFT_COMPILATION_MODE = wholemodule;
				SWIFT_OPTIMIZATION_LEVEL = "-O";
				VALIDATE_PRODUCT = YES;
			};
			name = Release;
		};
		08C4E17F2343CEEF0021DD8C /* Debug */ = {
			isa = XCBuildConfiguration;
			buildSettings = {
				ASSETCATALOG_COMPILER_APPICON_NAME = AppIcon;
				CODE_SIGN_STYLE = Automatic;
				DEVELOPMENT_TEAM = P7Q76CBS9B;
				INFOPLIST_FILE = "ImagePicker Lab/Info.plist";
				LD_RUNPATH_SEARCH_PATHS = (
					"$(inherited)",
					"@executable_path/Frameworks",
				);
				PRODUCT_BUNDLE_IDENTIFIER = "imagepicker-lab.ImagePicker-Lab";
				PRODUCT_NAME = "$(TARGET_NAME)";
				SWIFT_VERSION = 5.0;
				TARGETED_DEVICE_FAMILY = "1,2";
			};
			name = Debug;
		};
		08C4E1802343CEEF0021DD8C /* Release */ = {
			isa = XCBuildConfiguration;
			buildSettings = {
				ASSETCATALOG_COMPILER_APPICON_NAME = AppIcon;
				CODE_SIGN_STYLE = Automatic;
				DEVELOPMENT_TEAM = P7Q76CBS9B;
				INFOPLIST_FILE = "ImagePicker Lab/Info.plist";
				LD_RUNPATH_SEARCH_PATHS = (
					"$(inherited)",
					"@executable_path/Frameworks",
				);
				PRODUCT_BUNDLE_IDENTIFIER = "imagepicker-lab.ImagePicker-Lab";
				PRODUCT_NAME = "$(TARGET_NAME)";
				SWIFT_VERSION = 5.0;
				TARGETED_DEVICE_FAMILY = "1,2";
			};
			name = Release;
		};
		08C4E1822343CEEF0021DD8C /* Debug */ = {
			isa = XCBuildConfiguration;
			buildSettings = {
				ALWAYS_EMBED_SWIFT_STANDARD_LIBRARIES = YES;
				BUNDLE_LOADER = "$(TEST_HOST)";
				CODE_SIGN_STYLE = Automatic;
				DEVELOPMENT_TEAM = P7Q76CBS9B;
				INFOPLIST_FILE = "ImagePicker LabTests/Info.plist";
				IPHONEOS_DEPLOYMENT_TARGET = 13.0;
				LD_RUNPATH_SEARCH_PATHS = (
					"$(inherited)",
					"@executable_path/Frameworks",
					"@loader_path/Frameworks",
				);
				PRODUCT_BUNDLE_IDENTIFIER = "imagepicker-lab.ImagePicker-LabTests";
				PRODUCT_NAME = "$(TARGET_NAME)";
				SWIFT_VERSION = 5.0;
				TARGETED_DEVICE_FAMILY = "1,2";
				TEST_HOST = "$(BUILT_PRODUCTS_DIR)/ImagePicker Lab.app/ImagePicker Lab";
			};
			name = Debug;
		};
		08C4E1832343CEEF0021DD8C /* Release */ = {
			isa = XCBuildConfiguration;
			buildSettings = {
				ALWAYS_EMBED_SWIFT_STANDARD_LIBRARIES = YES;
				BUNDLE_LOADER = "$(TEST_HOST)";
				CODE_SIGN_STYLE = Automatic;
				DEVELOPMENT_TEAM = P7Q76CBS9B;
				INFOPLIST_FILE = "ImagePicker LabTests/Info.plist";
				IPHONEOS_DEPLOYMENT_TARGET = 13.0;
				LD_RUNPATH_SEARCH_PATHS = (
					"$(inherited)",
					"@executable_path/Frameworks",
					"@loader_path/Frameworks",
				);
				PRODUCT_BUNDLE_IDENTIFIER = "imagepicker-lab.ImagePicker-LabTests";
				PRODUCT_NAME = "$(TARGET_NAME)";
				SWIFT_VERSION = 5.0;
				TARGETED_DEVICE_FAMILY = "1,2";
				TEST_HOST = "$(BUILT_PRODUCTS_DIR)/ImagePicker Lab.app/ImagePicker Lab";
			};
			name = Release;
		};
/* End XCBuildConfiguration section */

/* Begin XCConfigurationList section */
		08C4E15A2343CEEC0021DD8C /* Build configuration list for PBXProject "ImagePicker Lab" */ = {
			isa = XCConfigurationList;
			buildConfigurations = (
				08C4E17C2343CEEF0021DD8C /* Debug */,
				08C4E17D2343CEEF0021DD8C /* Release */,
			);
			defaultConfigurationIsVisible = 0;
			defaultConfigurationName = Release;
		};
		08C4E17E2343CEEF0021DD8C /* Build configuration list for PBXNativeTarget "ImagePicker Lab" */ = {
			isa = XCConfigurationList;
			buildConfigurations = (
				08C4E17F2343CEEF0021DD8C /* Debug */,
				08C4E1802343CEEF0021DD8C /* Release */,
			);
			defaultConfigurationIsVisible = 0;
			defaultConfigurationName = Release;
		};
		08C4E1812343CEEF0021DD8C /* Build configuration list for PBXNativeTarget "ImagePicker LabTests" */ = {
			isa = XCConfigurationList;
			buildConfigurations = (
				08C4E1822343CEEF0021DD8C /* Debug */,
				08C4E1832343CEEF0021DD8C /* Release */,
			);
			defaultConfigurationIsVisible = 0;
			defaultConfigurationName = Release;
		};
/* End XCConfigurationList section */
	};
	rootObject = 08C4E1572343CEEC0021DD8C /* Project object */;
}
